
Microsoft Visual Studio Solution File, Format Version 12.00
# Visual Studio 14
VisualStudioVersion = 14.0.25123.0
MinimumVisualStudioVersion = 10.0.40219.1
Project("{FAE04EC0-301F-11D3-BF4B-00C04F79EFBC}") = "Runway", "Runway\Runway.csproj", "{B05B5476-E8B5-476E-B283-FE02A5A58544}"
EndProject
Project("{FAE04EC0-301F-11D3-BF4B-00C04F79EFBC}") = "Runway.UnitTests", "Runway.UnitTests\Runway.UnitTests.csproj", "{533859FE-533D-46D4-B69A-1E7981BA5300}"
EndProject
Global
	GlobalSection(SolutionConfigurationPlatforms) = preSolution
		Debug|Any CPU = Debug|Any CPU
		Release|Any CPU = Release|Any CPU
	EndGlobalSection
	GlobalSection(ProjectConfigurationPlatforms) = postSolution
		{B05B5476-E8B5-476E-B283-FE02A5A58544}.Debug|Any CPU.ActiveCfg = Debug|Any CPU
		{B05B5476-E8B5-476E-B283-FE02A5A58544}.Debug|Any CPU.Build.0 = Debug|Any CPU
		{B05B5476-E8B5-476E-B283-FE02A5A58544}.Release|Any CPU.ActiveCfg = Release|Any CPU
		{B05B5476-E8B5-476E-B283-FE02A5A58544}.Release|Any CPU.Build.0 = Release|Any CPU
		{533859FE-533D-46D4-B69A-1E7981BA5300}.Debug|Any CPU.ActiveCfg = Debug|Any CPU
		{533859FE-533D-46D4-B69A-1E7981BA5300}.Debug|Any CPU.Build.0 = Debug|Any CPU
		{533859FE-533D-46D4-B69A-1E7981BA5300}.Release|Any CPU.ActiveCfg = Release|Any CPU
		{533859FE-533D-46D4-B69A-1E7981BA5300}.Release|Any CPU.Build.0 = Release|Any CPU
	EndGlobalSection
	GlobalSection(SolutionProperties) = preSolution
		HideSolutionNode = FALSE
	EndGlobalSection
EndGlobal
